
Microsoft Visual Studio Solution File, Format Version 12.00
# Visual Studio 15
VisualStudioVersion = 15.0.28307.902
MinimumVisualStudioVersion = 10.0.40219.1
Project("{8BC9CEB8-8B4A-11D0-8D11-00A0C91BC942}") = "OpenRtk_Dirver", "OpenRtk_Dirver\OpenRtk_Dirver.vcxproj", "{3EBD8D3E-15E2-4740-88EE-550240BDA287}"
EndProject
Project("{8BC9CEB8-8B4A-11D0-8D11-00A0C91BC942}") = "User_Decoder_Console", "User_Decoder_Console\User_Decoder_Console.vcxproj", "{D990C117-9EA5-49D0-988D-3E3748B7CC60}"
EndProject
Project("{8BC9CEB8-8B4A-11D0-8D11-00A0C91BC942}") = "User_Decoder_Lib", "User_Decoder_Lib\User_Decoder_Lib.vcxproj", "{0607A2B9-0754-49D8-8BD2-0E4E464F6186}"
EndProject
Project("{8BC9CEB8-8B4A-11D0-8D11-00A0C91BC942}") = "RTCM_Spliter", "RTCM_Spliter\RTCM_Spliter.vcxproj", "{799A8AFC-1695-489C-90E0-BD980BC9FBFF}"
EndProject
Project("{8BC9CEB8-8B4A-11D0-8D11-00A0C91BC942}") = "MountAngleCalculation", "MountAngleCalculation\MountAngleCalculation.vcxproj", "{498AC6D2-3590-47BB-9FF4-7178D803F2C2}"
EndProject
Global
	GlobalSection(SolutionConfigurationPlatforms) = preSolution
		Debug|x64 = Debug|x64
		Debug|x86 = Debug|x86
		Release|x64 = Release|x64
		Release|x86 = Release|x86
	EndGlobalSection
	GlobalSection(ProjectConfigurationPlatforms) = postSolution
		{3EBD8D3E-15E2-4740-88EE-550240BDA287}.Debug|x64.ActiveCfg = Debug|x64
		{3EBD8D3E-15E2-4740-88EE-550240BDA287}.Debug|x64.Build.0 = Debug|x64
		{3EBD8D3E-15E2-4740-88EE-550240BDA287}.Debug|x86.ActiveCfg = Debug|x64
		{3EBD8D3E-15E2-4740-88EE-550240BDA287}.Release|x64.ActiveCfg = Release|x64
		{3EBD8D3E-15E2-4740-88EE-550240BDA287}.Release|x64.Build.0 = Release|x64
		{3EBD8D3E-15E2-4740-88EE-550240BDA287}.Release|x86.ActiveCfg = Release|x64
		{D990C117-9EA5-49D0-988D-3E3748B7CC60}.Debug|x64.ActiveCfg = Debug|x64
		{D990C117-9EA5-49D0-988D-3E3748B7CC60}.Debug|x64.Build.0 = Debug|x64
		{D990C117-9EA5-49D0-988D-3E3748B7CC60}.Debug|x86.ActiveCfg = Debug|Win32
		{D990C117-9EA5-49D0-988D-3E3748B7CC60}.Debug|x86.Build.0 = Debug|Win32
		{D990C117-9EA5-49D0-988D-3E3748B7CC60}.Release|x64.ActiveCfg = Release|x64
		{D990C117-9EA5-49D0-988D-3E3748B7CC60}.Release|x64.Build.0 = Release|x64
		{D990C117-9EA5-49D0-988D-3E3748B7CC60}.Release|x86.ActiveCfg = Release|Win32
		{D990C117-9EA5-49D0-988D-3E3748B7CC60}.Release|x86.Build.0 = Release|Win32
		{0607A2B9-0754-49D8-8BD2-0E4E464F6186}.Debug|x64.ActiveCfg = Debug|x64
		{0607A2B9-0754-49D8-8BD2-0E4E464F6186}.Debug|x64.Build.0 = Debug|x64
		{0607A2B9-0754-49D8-8BD2-0E4E464F6186}.Debug|x86.ActiveCfg = Debug|Win32
		{0607A2B9-0754-49D8-8BD2-0E4E464F6186}.Debug|x86.Build.0 = Debug|Win32
		{0607A2B9-0754-49D8-8BD2-0E4E464F6186}.Release|x64.ActiveCfg = Release|x64
		{0607A2B9-0754-49D8-8BD2-0E4E464F6186}.Release|x64.Build.0 = Release|x64
		{0607A2B9-0754-49D8-8BD2-0E4E464F6186}.Release|x86.ActiveCfg = Release|Win32
		{0607A2B9-0754-49D8-8BD2-0E4E464F6186}.Release|x86.Build.0 = Release|Win32
		{799A8AFC-1695-489C-90E0-BD980BC9FBFF}.Debug|x64.ActiveCfg = Debug|x64
		{799A8AFC-1695-489C-90E0-BD980BC9FBFF}.Debug|x64.Build.0 = Debug|x64
		{799A8AFC-1695-489C-90E0-BD980BC9FBFF}.Debug|x86.ActiveCfg = Debug|Win32
		{799A8AFC-1695-489C-90E0-BD980BC9FBFF}.Debug|x86.Build.0 = Debug|Win32
		{799A8AFC-1695-489C-90E0-BD980BC9FBFF}.Release|x64.ActiveCfg = Release|x64
		{799A8AFC-1695-489C-90E0-BD980BC9FBFF}.Release|x64.Build.0 = Release|x64
		{799A8AFC-1695-489C-90E0-BD980BC9FBFF}.Release|x86.ActiveCfg = Release|Win32
		{799A8AFC-1695-489C-90E0-BD980BC9FBFF}.Release|x86.Build.0 = Release|Win32
		{498AC6D2-3590-47BB-9FF4-7178D803F2C2}.Debug|x64.ActiveCfg = Debug|x64
		{498AC6D2-3590-47BB-9FF4-7178D803F2C2}.Debug|x64.Build.0 = Debug|x64
		{498AC6D2-3590-47BB-9FF4-7178D803F2C2}.Debug|x86.ActiveCfg = Debug|x64
		{498AC6D2-3590-47BB-9FF4-7178D803F2C2}.Release|x64.ActiveCfg = Release|x64
		{498AC6D2-3590-47BB-9FF4-7178D803F2C2}.Release|x64.Build.0 = Release|x64
		{498AC6D2-3590-47BB-9FF4-7178D803F2C2}.Release|x86.ActiveCfg = Release|x64
	EndGlobalSection
	GlobalSection(SolutionProperties) = preSolution
		HideSolutionNode = FALSE
	EndGlobalSection
	GlobalSection(ExtensibilityGlobals) = postSolution
		SolutionGuid = {A960192C-5080-4DE5-AB0C-F9E00A17E8BF}
	EndGlobalSection
EndGlobal
