
Microsoft Visual Studio Solution File, Format Version 12.00
# Visual Studio 15
VisualStudioVersion = 15.0.28307.902
MinimumVisualStudioVersion = 10.0.40219.1
Project("{8BC9CEB8-8B4A-11D0-8D11-00A0C91BC942}") = "OpenRtk_Dirver", "OpenRtk_Dirver\OpenRtk_Dirver.vcxproj", "{3EBD8D3E-15E2-4740-88EE-550240BDA287}"
EndProject
Global
	GlobalSection(SolutionConfigurationPlatforms) = preSolution
		Debug|x64 = Debug|x64
		Release|x64 = Release|x64
	EndGlobalSection
	GlobalSection(ProjectConfigurationPlatforms) = postSolution
		{3EBD8D3E-15E2-4740-88EE-550240BDA287}.Debug|x64.ActiveCfg = Debug|x64
		{3EBD8D3E-15E2-4740-88EE-550240BDA287}.Debug|x64.Build.0 = Debug|x64
		{3EBD8D3E-15E2-4740-88EE-550240BDA287}.Release|x64.ActiveCfg = Release|x64
		{3EBD8D3E-15E2-4740-88EE-550240BDA287}.Release|x64.Build.0 = Release|x64
	EndGlobalSection
	GlobalSection(SolutionProperties) = preSolution
		HideSolutionNode = FALSE
	EndGlobalSection
	GlobalSection(ExtensibilityGlobals) = postSolution
		SolutionGuid = {A960192C-5080-4DE5-AB0C-F9E00A17E8BF}
	EndGlobalSection
EndGlobal
